
Microsoft Visual Studio Solution File, Format Version 12.00
Project("{FAE04EC0-301F-11D3-BF4B-00C04F79EFBC}") = "GetCountryFromNameMVC", "GetCountryFromNameMVC\GetCountryFromNameMVC.csproj", "{99774F16-CBC1-4037-8EBD-3FB6E0332ED4}"
EndProject
Project("{FAE04EC0-301F-11D3-BF4B-00C04F79EFBC}") = "GetCountryAPI", "GetCountryAPI\GetCountryAPI.csproj", "{AD1914F2-B20F-48F8-9430-441D3D1D279D}"
EndProject
Global
	GlobalSection(SolutionConfigurationPlatforms) = preSolution
		Debug|Any CPU = Debug|Any CPU
		Release|Any CPU = Release|Any CPU
	EndGlobalSection
	GlobalSection(ProjectConfigurationPlatforms) = postSolution
		{99774F16-CBC1-4037-8EBD-3FB6E0332ED4}.Debug|Any CPU.ActiveCfg = Debug|Any CPU
		{99774F16-CBC1-4037-8EBD-3FB6E0332ED4}.Debug|Any CPU.Build.0 = Debug|Any CPU
		{99774F16-CBC1-4037-8EBD-3FB6E0332ED4}.Release|Any CPU.ActiveCfg = Release|Any CPU
		{99774F16-CBC1-4037-8EBD-3FB6E0332ED4}.Release|Any CPU.Build.0 = Release|Any CPU
		{AD1914F2-B20F-48F8-9430-441D3D1D279D}.Debug|Any CPU.ActiveCfg = Debug|Any CPU
		{AD1914F2-B20F-48F8-9430-441D3D1D279D}.Debug|Any CPU.Build.0 = Debug|Any CPU
		{AD1914F2-B20F-48F8-9430-441D3D1D279D}.Release|Any CPU.ActiveCfg = Release|Any CPU
		{AD1914F2-B20F-48F8-9430-441D3D1D279D}.Release|Any CPU.Build.0 = Release|Any CPU
	EndGlobalSection
EndGlobal
